
Microsoft Visual Studio Solution File, Format Version 12.00
# Visual Studio Version 17
VisualStudioVersion = 17.3.32929.385
MinimumVisualStudioVersion = 10.0.40219.1
Project("{9A19103F-16F7-4668-BE54-9A1E7A4F7556}") = "GameRater.Web.UI", "GameRater.Web.UI\GameRater.Web.UI.csproj", "{AD9FFBC8-830A-4BEE-A73D-9473F3C8A59E}"
EndProject
Project("{9A19103F-16F7-4668-BE54-9A1E7A4F7556}") = "GameRater.Data", "GameRater.Data\GameRater.Data.csproj", "{6F6FD644-6AC3-46F1-8201-B62CEE7DF1A0}"
EndProject
Project("{9A19103F-16F7-4668-BE54-9A1E7A4F7556}") = "GameRater.Repo", "GameRater.Repo\GameRater.Repo.csproj", "{5F54B1CD-E91F-4F61-9265-8586EF29D72D}"
EndProject
Project("{FAE04EC0-301F-11D3-BF4B-00C04F79EFBC}") = "GameRater.Services", "GameRater.Services\GameRater.Services.csproj", "{D083DF34-9C75-4507-A54C-2683836EC279}"
EndProject
Global
	GlobalSection(SolutionConfigurationPlatforms) = preSolution
		Debug|Any CPU = Debug|Any CPU
		Release|Any CPU = Release|Any CPU
	EndGlobalSection
	GlobalSection(ProjectConfigurationPlatforms) = postSolution
		{AD9FFBC8-830A-4BEE-A73D-9473F3C8A59E}.Debug|Any CPU.ActiveCfg = Debug|Any CPU
		{AD9FFBC8-830A-4BEE-A73D-9473F3C8A59E}.Debug|Any CPU.Build.0 = Debug|Any CPU
		{AD9FFBC8-830A-4BEE-A73D-9473F3C8A59E}.Release|Any CPU.ActiveCfg = Release|Any CPU
		{AD9FFBC8-830A-4BEE-A73D-9473F3C8A59E}.Release|Any CPU.Build.0 = Release|Any CPU
		{6F6FD644-6AC3-46F1-8201-B62CEE7DF1A0}.Debug|Any CPU.ActiveCfg = Debug|Any CPU
		{6F6FD644-6AC3-46F1-8201-B62CEE7DF1A0}.Debug|Any CPU.Build.0 = Debug|Any CPU
		{6F6FD644-6AC3-46F1-8201-B62CEE7DF1A0}.Release|Any CPU.ActiveCfg = Release|Any CPU
		{6F6FD644-6AC3-46F1-8201-B62CEE7DF1A0}.Release|Any CPU.Build.0 = Release|Any CPU
		{5F54B1CD-E91F-4F61-9265-8586EF29D72D}.Debug|Any CPU.ActiveCfg = Debug|Any CPU
		{5F54B1CD-E91F-4F61-9265-8586EF29D72D}.Debug|Any CPU.Build.0 = Debug|Any CPU
		{5F54B1CD-E91F-4F61-9265-8586EF29D72D}.Release|Any CPU.ActiveCfg = Release|Any CPU
		{5F54B1CD-E91F-4F61-9265-8586EF29D72D}.Release|Any CPU.Build.0 = Release|Any CPU
		{D083DF34-9C75-4507-A54C-2683836EC279}.Debug|Any CPU.ActiveCfg = Debug|Any CPU
		{D083DF34-9C75-4507-A54C-2683836EC279}.Debug|Any CPU.Build.0 = Debug|Any CPU
		{D083DF34-9C75-4507-A54C-2683836EC279}.Release|Any CPU.ActiveCfg = Release|Any CPU
		{D083DF34-9C75-4507-A54C-2683836EC279}.Release|Any CPU.Build.0 = Release|Any CPU
	EndGlobalSection
	GlobalSection(SolutionProperties) = preSolution
		HideSolutionNode = FALSE
	EndGlobalSection
	GlobalSection(ExtensibilityGlobals) = postSolution
		SolutionGuid = {4BD77497-5D17-4CEB-A467-3AE65A3BF5B8}
	EndGlobalSection
EndGlobal
